
Microsoft Visual Studio Solution File, Format Version 12.00
# Visual Studio Version 17
VisualStudioVersion = 17.9.34728.123
MinimumVisualStudioVersion = 10.0.40219.1
Project("{FAE04EC0-301F-11D3-BF4B-00C04F79EFBC}") = "MeSachBlog.Api", "src\MeSachBlog.Api\MeSachBlog.Api.csproj", "{57813928-66CF-4345-9F7F-F921E5789672}"
EndProject
Project("{FAE04EC0-301F-11D3-BF4B-00C04F79EFBC}") = "MeSachBlog.Core", "src\MeSachBlog.Core\MeSachBlog.Core.csproj", "{A990AE7F-07C5-446D-A71A-B92F855C2995}"
EndProject
Project("{FAE04EC0-301F-11D3-BF4B-00C04F79EFBC}") = "MeSachBlog.Data", "src\MeSachBlog.Data\MeSachBlog.Data.csproj", "{CEC30FF9-7C1C-431E-910E-2D6F4362A895}"
EndProject
Project("{FAE04EC0-301F-11D3-BF4B-00C04F79EFBC}") = "MeSachBlog.WebApp", "src\MeSachBlog.WebApp\MeSachBlog.WebApp.csproj", "{A063D5C5-9F9E-42D6-8986-EC2DC664CC48}"
EndProject
Global
	GlobalSection(SolutionConfigurationPlatforms) = preSolution
		Debug|Any CPU = Debug|Any CPU
		Release|Any CPU = Release|Any CPU
	EndGlobalSection
	GlobalSection(ProjectConfigurationPlatforms) = postSolution
		{57813928-66CF-4345-9F7F-F921E5789672}.Debug|Any CPU.ActiveCfg = Debug|Any CPU
		{57813928-66CF-4345-9F7F-F921E5789672}.Debug|Any CPU.Build.0 = Debug|Any CPU
		{57813928-66CF-4345-9F7F-F921E5789672}.Release|Any CPU.ActiveCfg = Release|Any CPU
		{57813928-66CF-4345-9F7F-F921E5789672}.Release|Any CPU.Build.0 = Release|Any CPU
		{A990AE7F-07C5-446D-A71A-B92F855C2995}.Debug|Any CPU.ActiveCfg = Debug|Any CPU
		{A990AE7F-07C5-446D-A71A-B92F855C2995}.Debug|Any CPU.Build.0 = Debug|Any CPU
		{A990AE7F-07C5-446D-A71A-B92F855C2995}.Release|Any CPU.ActiveCfg = Release|Any CPU
		{A990AE7F-07C5-446D-A71A-B92F855C2995}.Release|Any CPU.Build.0 = Release|Any CPU
		{CEC30FF9-7C1C-431E-910E-2D6F4362A895}.Debug|Any CPU.ActiveCfg = Debug|Any CPU
		{CEC30FF9-7C1C-431E-910E-2D6F4362A895}.Debug|Any CPU.Build.0 = Debug|Any CPU
		{CEC30FF9-7C1C-431E-910E-2D6F4362A895}.Release|Any CPU.ActiveCfg = Release|Any CPU
		{CEC30FF9-7C1C-431E-910E-2D6F4362A895}.Release|Any CPU.Build.0 = Release|Any CPU
		{A063D5C5-9F9E-42D6-8986-EC2DC664CC48}.Debug|Any CPU.ActiveCfg = Debug|Any CPU
		{A063D5C5-9F9E-42D6-8986-EC2DC664CC48}.Debug|Any CPU.Build.0 = Debug|Any CPU
		{A063D5C5-9F9E-42D6-8986-EC2DC664CC48}.Release|Any CPU.ActiveCfg = Release|Any CPU
		{A063D5C5-9F9E-42D6-8986-EC2DC664CC48}.Release|Any CPU.Build.0 = Release|Any CPU
	EndGlobalSection
	GlobalSection(SolutionProperties) = preSolution
		HideSolutionNode = FALSE
	EndGlobalSection
	GlobalSection(ExtensibilityGlobals) = postSolution
		SolutionGuid = {CE75D655-AF65-4D50-AF55-2378F1D5DAF6}
	EndGlobalSection
EndGlobal
